// !$*UTF8*$!
{
	archiveVersion = 1;
	classes = {
	};
	objectVersion = 50;
	objects = {

/* Begin PBXBuildFile section */
		2AE67737E79D411EF4D7455B /* Pods_RoomMate.framework in Frameworks */ = {isa = PBXBuildFile; fileRef = 19031F3566EE6B421C605553 /* Pods_RoomMate.framework */; };
		356189EE21E3441F001B7CE5 /* AppDelegate.swift in Sources */ = {isa = PBXBuildFile; fileRef = 356189ED21E3441F001B7CE5 /* AppDelegate.swift */; };
		356189F021E3441F001B7CE5 /* LogInViewController.swift in Sources */ = {isa = PBXBuildFile; fileRef = 356189EF21E3441F001B7CE5 /* LogInViewController.swift */; };
		356189F321E3441F001B7CE5 /* Main.storyboard in Resources */ = {isa = PBXBuildFile; fileRef = 356189F121E3441F001B7CE5 /* Main.storyboard */; };
		356189F521E34421001B7CE5 /* Assets.xcassets in Resources */ = {isa = PBXBuildFile; fileRef = 356189F421E34421001B7CE5 /* Assets.xcassets */; };
		356189F821E34421001B7CE5 /* LaunchScreen.storyboard in Resources */ = {isa = PBXBuildFile; fileRef = 356189F621E34421001B7CE5 /* LaunchScreen.storyboard */; };
		35618A0021E38106001B7CE5 /* GoogleService-Info.plist in Resources */ = {isa = PBXBuildFile; fileRef = 356189FF21E38106001B7CE5 /* GoogleService-Info.plist */; };
		35618A0221E3C7FA001B7CE5 /* HomeViewController.swift in Sources */ = {isa = PBXBuildFile; fileRef = 35618A0121E3C7FA001B7CE5 /* HomeViewController.swift */; };
		35618A0421E3C80D001B7CE5 /* CleanViewController.swift in Sources */ = {isa = PBXBuildFile; fileRef = 35618A0321E3C80D001B7CE5 /* CleanViewController.swift */; };
		35618A0621E3C819001B7CE5 /* DrinkViewController.swift in Sources */ = {isa = PBXBuildFile; fileRef = 35618A0521E3C819001B7CE5 /* DrinkViewController.swift */; };
		35618A0821E62BE0001B7CE5 /* DataController.swift in Sources */ = {isa = PBXBuildFile; fileRef = 35618A0721E62BE0001B7CE5 /* DataController.swift */; };
		35618A0A21E62CB9001B7CE5 /* Structures.swift in Sources */ = {isa = PBXBuildFile; fileRef = 35618A0921E62CB9001B7CE5 /* Structures.swift */; };
		35618A0C21E63DC3001B7CE5 /* YourHouseViewController.swift in Sources */ = {isa = PBXBuildFile; fileRef = 35618A0B21E63DC3001B7CE5 /* YourHouseViewController.swift */; };
		35618A0E21E63DDF001B7CE5 /* NewHouseViewController.swift in Sources */ = {isa = PBXBuildFile; fileRef = 35618A0D21E63DDF001B7CE5 /* NewHouseViewController.swift */; };
		35618A1021E63E64001B7CE5 /* ScheduleViewController.swift in Sources */ = {isa = PBXBuildFile; fileRef = 35618A0F21E63E64001B7CE5 /* ScheduleViewController.swift */; };
		35618A1221E63E72001B7CE5 /* NewScheduleViewController.swift in Sources */ = {isa = PBXBuildFile; fileRef = 35618A1121E63E72001B7CE5 /* NewScheduleViewController.swift */; };
		35618A1621E7715A001B7CE5 /* PickHouseViewController.swift in Sources */ = {isa = PBXBuildFile; fileRef = 35618A1521E7715A001B7CE5 /* PickHouseViewController.swift */; };
/* End PBXBuildFile section */

/* Begin PBXFileReference section */
		19031F3566EE6B421C605553 /* Pods_RoomMate.framework */ = {isa = PBXFileReference; explicitFileType = wrapper.framework; includeInIndex = 0; path = Pods_RoomMate.framework; sourceTree = BUILT_PRODUCTS_DIR; };
		356189EA21E3441F001B7CE5 /* RoomMate.app */ = {isa = PBXFileReference; explicitFileType = wrapper.application; includeInIndex = 0; path = RoomMate.app; sourceTree = BUILT_PRODUCTS_DIR; };
		356189ED21E3441F001B7CE5 /* AppDelegate.swift */ = {isa = PBXFileReference; lastKnownFileType = sourcecode.swift; path = AppDelegate.swift; sourceTree = "<group>"; };
		356189EF21E3441F001B7CE5 /* LogInViewController.swift */ = {isa = PBXFileReference; lastKnownFileType = sourcecode.swift; path = LogInViewController.swift; sourceTree = "<group>"; };
		356189F221E3441F001B7CE5 /* Base */ = {isa = PBXFileReference; lastKnownFileType = file.storyboard; name = Base; path = Base.lproj/Main.storyboard; sourceTree = "<group>"; };
		356189F421E34421001B7CE5 /* Assets.xcassets */ = {isa = PBXFileReference; lastKnownFileType = folder.assetcatalog; path = Assets.xcassets; sourceTree = "<group>"; };
		356189F721E34421001B7CE5 /* Base */ = {isa = PBXFileReference; lastKnownFileType = file.storyboard; name = Base; path = Base.lproj/LaunchScreen.storyboard; sourceTree = "<group>"; };
		356189F921E34421001B7CE5 /* Info.plist */ = {isa = PBXFileReference; lastKnownFileType = text.plist.xml; path = Info.plist; sourceTree = "<group>"; };
		356189FF21E38106001B7CE5 /* GoogleService-Info.plist */ = {isa = PBXFileReference; fileEncoding = 4; lastKnownFileType = text.plist.xml; path = "GoogleService-Info.plist"; sourceTree = "<group>"; };
		35618A0121E3C7FA001B7CE5 /* HomeViewController.swift */ = {isa = PBXFileReference; lastKnownFileType = sourcecode.swift; path = HomeViewController.swift; sourceTree = "<group>"; };
		35618A0321E3C80D001B7CE5 /* CleanViewController.swift */ = {isa = PBXFileReference; lastKnownFileType = sourcecode.swift; path = CleanViewController.swift; sourceTree = "<group>"; };
		35618A0521E3C819001B7CE5 /* DrinkViewController.swift */ = {isa = PBXFileReference; lastKnownFileType = sourcecode.swift; path = DrinkViewController.swift; sourceTree = "<group>"; };
		35618A0721E62BE0001B7CE5 /* DataController.swift */ = {isa = PBXFileReference; lastKnownFileType = sourcecode.swift; path = DataController.swift; sourceTree = "<group>"; };
		35618A0921E62CB9001B7CE5 /* Structures.swift */ = {isa = PBXFileReference; lastKnownFileType = sourcecode.swift; path = Structures.swift; sourceTree = "<group>"; };
		35618A0B21E63DC3001B7CE5 /* YourHouseViewController.swift */ = {isa = PBXFileReference; lastKnownFileType = sourcecode.swift; path = YourHouseViewController.swift; sourceTree = "<group>"; };
		35618A0D21E63DDF001B7CE5 /* NewHouseViewController.swift */ = {isa = PBXFileReference; lastKnownFileType = sourcecode.swift; path = NewHouseViewController.swift; sourceTree = "<group>"; };
		35618A0F21E63E64001B7CE5 /* ScheduleViewController.swift */ = {isa = PBXFileReference; lastKnownFileType = sourcecode.swift; path = ScheduleViewController.swift; sourceTree = "<group>"; };
		35618A1121E63E72001B7CE5 /* NewScheduleViewController.swift */ = {isa = PBXFileReference; lastKnownFileType = sourcecode.swift; path = NewScheduleViewController.swift; sourceTree = "<group>"; };
		35618A1521E7715A001B7CE5 /* PickHouseViewController.swift */ = {isa = PBXFileReference; lastKnownFileType = sourcecode.swift; path = PickHouseViewController.swift; sourceTree = "<group>"; };
		88E3AC6150082FAE7EDB7756 /* Pods-RoomMate.release.xcconfig */ = {isa = PBXFileReference; includeInIndex = 1; lastKnownFileType = text.xcconfig; name = "Pods-RoomMate.release.xcconfig"; path = "Pods/Target Support Files/Pods-RoomMate/Pods-RoomMate.release.xcconfig"; sourceTree = "<group>"; };
		F136AC664D7383A33EE8F25C /* Pods-RoomMate.debug.xcconfig */ = {isa = PBXFileReference; includeInIndex = 1; lastKnownFileType = text.xcconfig; name = "Pods-RoomMate.debug.xcconfig"; path = "Pods/Target Support Files/Pods-RoomMate/Pods-RoomMate.debug.xcconfig"; sourceTree = "<group>"; };
/* End PBXFileReference section */

/* Begin PBXFrameworksBuildPhase section */
		356189E721E3441F001B7CE5 /* Frameworks */ = {
			isa = PBXFrameworksBuildPhase;
			buildActionMask = 2147483647;
			files = (
				2AE67737E79D411EF4D7455B /* Pods_RoomMate.framework in Frameworks */,
			);
			runOnlyForDeploymentPostprocessing = 0;
		};
/* End PBXFrameworksBuildPhase section */

/* Begin PBXGroup section */
		356189E121E3441F001B7CE5 = {
			isa = PBXGroup;
			children = (
				356189EC21E3441F001B7CE5 /* RoomMate */,
				356189EB21E3441F001B7CE5 /* Products */,
				F2F091B8679CCA7572406D0A /* Pods */,
				44121FD8E55BE30EB6B45407 /* Frameworks */,
			);
			sourceTree = "<group>";
		};
		356189EB21E3441F001B7CE5 /* Products */ = {
			isa = PBXGroup;
			children = (
				356189EA21E3441F001B7CE5 /* RoomMate.app */,
			);
			name = Products;
			sourceTree = "<group>";
		};
		356189EC21E3441F001B7CE5 /* RoomMate */ = {
			isa = PBXGroup;
			children = (
				356189F121E3441F001B7CE5 /* Main.storyboard */,
				357FE6B221E77735000175F2 /* New Group */,
				356189EF21E3441F001B7CE5 /* LogInViewController.swift */,
				35618A0121E3C7FA001B7CE5 /* HomeViewController.swift */,
				35618A0321E3C80D001B7CE5 /* CleanViewController.swift */,
				35618A0521E3C819001B7CE5 /* DrinkViewController.swift */,
				357FE6B121E776E5000175F2 /* Drinks */,
				357FE6B021E776DB000175F2 /* Clean */,
				357FE6AF21E776B6000175F2 /* Home */,
				35618A0721E62BE0001B7CE5 /* DataController.swift */,
				35618A0921E62CB9001B7CE5 /* Structures.swift */,
				356189F421E34421001B7CE5 /* Assets.xcassets */,
				356189ED21E3441F001B7CE5 /* AppDelegate.swift */,
				356189F621E34421001B7CE5 /* LaunchScreen.storyboard */,
				356189F921E34421001B7CE5 /* Info.plist */,
				356189FF21E38106001B7CE5 /* GoogleService-Info.plist */,
			);
			path = RoomMate;
			sourceTree = "<group>";
		};
		357FE6AF21E776B6000175F2 /* Home */ = {
			isa = PBXGroup;
			children = (
				35618A0B21E63DC3001B7CE5 /* YourHouseViewController.swift */,
				35618A0D21E63DDF001B7CE5 /* NewHouseViewController.swift */,
				35618A1521E7715A001B7CE5 /* PickHouseViewController.swift */,
			);
			path = Home;
			sourceTree = "<group>";
		};
		357FE6B021E776DB000175F2 /* Clean */ = {
			isa = PBXGroup;
			children = (
				35618A0F21E63E64001B7CE5 /* ScheduleViewController.swift */,
				35618A1121E63E72001B7CE5 /* NewScheduleViewController.swift */,
			);
			path = Clean;
			sourceTree = "<group>";
		};
		357FE6B121E776E5000175F2 /* Drinks */ = {
			isa = PBXGroup;
			children = (
			);
			path = Drinks;
			sourceTree = "<group>";
		};
		357FE6B221E77735000175F2 /* New Group */ = {
			isa = PBXGroup;
			children = (
			);
			path = "New Group";
			sourceTree = "<group>";
		};
		44121FD8E55BE30EB6B45407 /* Frameworks */ = {
			isa = PBXGroup;
			children = (
				19031F3566EE6B421C605553 /* Pods_RoomMate.framework */,
			);
			name = Frameworks;
			sourceTree = "<group>";
		};
		F2F091B8679CCA7572406D0A /* Pods */ = {
			isa = PBXGroup;
			children = (
				F136AC664D7383A33EE8F25C /* Pods-RoomMate.debug.xcconfig */,
				88E3AC6150082FAE7EDB7756 /* Pods-RoomMate.release.xcconfig */,
			);
			name = Pods;
			sourceTree = "<group>";
		};
/* End PBXGroup section */

/* Begin PBXNativeTarget section */
		356189E921E3441F001B7CE5 /* RoomMate */ = {
			isa = PBXNativeTarget;
			buildConfigurationList = 356189FC21E34421001B7CE5 /* Build configuration list for PBXNativeTarget "RoomMate" */;
			buildPhases = (
				0AD5EEF5707307779199A8C1 /* [CP] Check Pods Manifest.lock */,
				356189E621E3441F001B7CE5 /* Sources */,
				356189E721E3441F001B7CE5 /* Frameworks */,
				356189E821E3441F001B7CE5 /* Resources */,
				1A497B1D3782EC2C4BE859C6 /* [CP] Embed Pods Frameworks */,
				BC609E917C20CF1A8C1D2FF5 /* [CP] Copy Pods Resources */,
			);
			buildRules = (
			);
			dependencies = (
			);
			name = RoomMate;
			productName = RoomMate;
			productReference = 356189EA21E3441F001B7CE5 /* RoomMate.app */;
			productType = "com.apple.product-type.application";
		};
/* End PBXNativeTarget section */

/* Begin PBXProject section */
		356189E221E3441F001B7CE5 /* Project object */ = {
			isa = PBXProject;
			attributes = {
				LastSwiftUpdateCheck = 1000;
				LastUpgradeCheck = 1000;
				ORGANIZATIONNAME = Fried;
				TargetAttributes = {
					356189E921E3441F001B7CE5 = {
						CreatedOnToolsVersion = 10.0;
					};
				};
			};
			buildConfigurationList = 356189E521E3441F001B7CE5 /* Build configuration list for PBXProject "RoomMate" */;
			compatibilityVersion = "Xcode 9.3";
			developmentRegion = en;
			hasScannedForEncodings = 0;
			knownRegions = (
				en,
				Base,
			);
			mainGroup = 356189E121E3441F001B7CE5;
			productRefGroup = 356189EB21E3441F001B7CE5 /* Products */;
			projectDirPath = "";
			projectRoot = "";
			targets = (
				356189E921E3441F001B7CE5 /* RoomMate */,
			);
		};
/* End PBXProject section */

/* Begin PBXResourcesBuildPhase section */
		356189E821E3441F001B7CE5 /* Resources */ = {
			isa = PBXResourcesBuildPhase;
			buildActionMask = 2147483647;
			files = (
				356189F821E34421001B7CE5 /* LaunchScreen.storyboard in Resources */,
				35618A0021E38106001B7CE5 /* GoogleService-Info.plist in Resources */,
				356189F521E34421001B7CE5 /* Assets.xcassets in Resources */,
				356189F321E3441F001B7CE5 /* Main.storyboard in Resources */,
			);
			runOnlyForDeploymentPostprocessing = 0;
		};
/* End PBXResourcesBuildPhase section */

/* Begin PBXShellScriptBuildPhase section */
		0AD5EEF5707307779199A8C1 /* [CP] Check Pods Manifest.lock */ = {
			isa = PBXShellScriptBuildPhase;
			buildActionMask = 2147483647;
			files = (
			);
			inputFileListPaths = (
			);
			inputPaths = (
				"${PODS_PODFILE_DIR_PATH}/Podfile.lock",
				"${PODS_ROOT}/Manifest.lock",
			);
			name = "[CP] Check Pods Manifest.lock";
			outputFileListPaths = (
			);
			outputPaths = (
				"$(DERIVED_FILE_DIR)/Pods-RoomMate-checkManifestLockResult.txt",
			);
			runOnlyForDeploymentPostprocessing = 0;
			shellPath = /bin/sh;
			shellScript = "diff \"${PODS_PODFILE_DIR_PATH}/Podfile.lock\" \"${PODS_ROOT}/Manifest.lock\" > /dev/null\nif [ $? != 0 ] ; then\n    # print error to STDERR\n    echo \"error: The sandbox is not in sync with the Podfile.lock. Run 'pod install' or update your CocoaPods installation.\" >&2\n    exit 1\nfi\n# This output is used by Xcode 'outputs' to avoid re-running this script phase.\necho \"SUCCESS\" > \"${SCRIPT_OUTPUT_FILE_0}\"\n";
			showEnvVarsInLog = 0;
		};
		1A497B1D3782EC2C4BE859C6 /* [CP] Embed Pods Frameworks */ = {
			isa = PBXShellScriptBuildPhase;
			buildActionMask = 2147483647;
			files = (
			);
			inputFileListPaths = (
			);
			inputPaths = (
				"${SRCROOT}/Pods/Target Support Files/Pods-RoomMate/Pods-RoomMate-frameworks.sh",
				"${BUILT_PRODUCTS_DIR}/GTMSessionFetcher/GTMSessionFetcher.framework",
				"${BUILT_PRODUCTS_DIR}/GoogleUtilities/GoogleUtilities.framework",
				"${BUILT_PRODUCTS_DIR}/leveldb-library/leveldb.framework",
				"${BUILT_PRODUCTS_DIR}/nanopb/nanopb.framework",
			);
			name = "[CP] Embed Pods Frameworks";
			outputFileListPaths = (
			);
			outputPaths = (
				"${TARGET_BUILD_DIR}/${FRAMEWORKS_FOLDER_PATH}/GTMSessionFetcher.framework",
				"${TARGET_BUILD_DIR}/${FRAMEWORKS_FOLDER_PATH}/GoogleUtilities.framework",
				"${TARGET_BUILD_DIR}/${FRAMEWORKS_FOLDER_PATH}/leveldb.framework",
				"${TARGET_BUILD_DIR}/${FRAMEWORKS_FOLDER_PATH}/nanopb.framework",
			);
			runOnlyForDeploymentPostprocessing = 0;
			shellPath = /bin/sh;
			shellScript = "\"${SRCROOT}/Pods/Target Support Files/Pods-RoomMate/Pods-RoomMate-frameworks.sh\"\n";
			showEnvVarsInLog = 0;
		};
		BC609E917C20CF1A8C1D2FF5 /* [CP] Copy Pods Resources */ = {
			isa = PBXShellScriptBuildPhase;
			buildActionMask = 2147483647;
			files = (
			);
			inputFileListPaths = (
			);
			inputPaths = (
				"${SRCROOT}/Pods/Target Support Files/Pods-RoomMate/Pods-RoomMate-resources.sh",
				"${PODS_CONFIGURATION_BUILD_DIR}/FirebaseUI/FirebaseAuthUI.bundle",
			);
			name = "[CP] Copy Pods Resources";
			outputFileListPaths = (
			);
			outputPaths = (
				"${TARGET_BUILD_DIR}/${UNLOCALIZED_RESOURCES_FOLDER_PATH}/FirebaseAuthUI.bundle",
			);
			runOnlyForDeploymentPostprocessing = 0;
			shellPath = /bin/sh;
			shellScript = "\"${SRCROOT}/Pods/Target Support Files/Pods-RoomMate/Pods-RoomMate-resources.sh\"\n";
			showEnvVarsInLog = 0;
		};
/* End PBXShellScriptBuildPhase section */

/* Begin PBXSourcesBuildPhase section */
		356189E621E3441F001B7CE5 /* Sources */ = {
			isa = PBXSourcesBuildPhase;
			buildActionMask = 2147483647;
			files = (
				356189F021E3441F001B7CE5 /* LogInViewController.swift in Sources */,
				35618A0821E62BE0001B7CE5 /* DataController.swift in Sources */,
				356189EE21E3441F001B7CE5 /* AppDelegate.swift in Sources */,
				35618A0421E3C80D001B7CE5 /* CleanViewController.swift in Sources */,
				35618A0A21E62CB9001B7CE5 /* Structures.swift in Sources */,
				35618A1021E63E64001B7CE5 /* ScheduleViewController.swift in Sources */,
				35618A1621E7715A001B7CE5 /* PickHouseViewController.swift in Sources */,
				35618A0221E3C7FA001B7CE5 /* HomeViewController.swift in Sources */,
				35618A0E21E63DDF001B7CE5 /* NewHouseViewController.swift in Sources */,
				35618A1221E63E72001B7CE5 /* NewScheduleViewController.swift in Sources */,
				35618A0621E3C819001B7CE5 /* DrinkViewController.swift in Sources */,
				35618A0C21E63DC3001B7CE5 /* YourHouseViewController.swift in Sources */,
			);
			runOnlyForDeploymentPostprocessing = 0;
		};
/* End PBXSourcesBuildPhase section */

/* Begin PBXVariantGroup section */
		356189F121E3441F001B7CE5 /* Main.storyboard */ = {
			isa = PBXVariantGroup;
			children = (
				356189F221E3441F001B7CE5 /* Base */,
			);
			name = Main.storyboard;
			sourceTree = "<group>";
		};
		356189F621E34421001B7CE5 /* LaunchScreen.storyboard */ = {
			isa = PBXVariantGroup;
			children = (
				356189F721E34421001B7CE5 /* Base */,
			);
			name = LaunchScreen.storyboard;
			sourceTree = "<group>";
		};
/* End PBXVariantGroup section */

/* Begin XCBuildConfiguration section */
		356189FA21E34421001B7CE5 /* Debug */ = {
			isa = XCBuildConfiguration;
			buildSettings = {
				ALWAYS_SEARCH_USER_PATHS = NO;
				CLANG_ANALYZER_NONNULL = YES;
				CLANG_ANALYZER_NUMBER_OBJECT_CONVERSION = YES_AGGRESSIVE;
				CLANG_CXX_LANGUAGE_STANDARD = "gnu++14";
				CLANG_CXX_LIBRARY = "libc++";
				CLANG_ENABLE_MODULES = YES;
				CLANG_ENABLE_OBJC_ARC = YES;
				CLANG_ENABLE_OBJC_WEAK = YES;
				CLANG_WARN_BLOCK_CAPTURE_AUTORELEASING = YES;
				CLANG_WARN_BOOL_CONVERSION = YES;
				CLANG_WARN_COMMA = YES;
				CLANG_WARN_CONSTANT_CONVERSION = YES;
				CLANG_WARN_DEPRECATED_OBJC_IMPLEMENTATIONS = YES;
				CLANG_WARN_DIRECT_OBJC_ISA_USAGE = YES_ERROR;
				CLANG_WARN_DOCUMENTATION_COMMENTS = YES;
				CLANG_WARN_EMPTY_BODY = YES;
				CLANG_WARN_ENUM_CONVERSION = YES;
				CLANG_WARN_INFINITE_RECURSION = YES;
				CLANG_WARN_INT_CONVERSION = YES;
				CLANG_WARN_NON_LITERAL_NULL_CONVERSION = YES;
				CLANG_WARN_OBJC_IMPLICIT_RETAIN_SELF = YES;
				CLANG_WARN_OBJC_LITERAL_CONVERSION = YES;
				CLANG_WARN_OBJC_ROOT_CLASS = YES_ERROR;
				CLANG_WARN_RANGE_LOOP_ANALYSIS = YES;
				CLANG_WARN_STRICT_PROTOTYPES = YES;
				CLANG_WARN_SUSPICIOUS_MOVE = YES;
				CLANG_WARN_UNGUARDED_AVAILABILITY = YES_AGGRESSIVE;
				CLANG_WARN_UNREACHABLE_CODE = YES;
				CLANG_WARN__DUPLICATE_METHOD_MATCH = YES;
				CODE_SIGN_IDENTITY = "iPhone Developer";
				COPY_PHASE_STRIP = NO;
				DEBUG_INFORMATION_FORMAT = dwarf;
				ENABLE_STRICT_OBJC_MSGSEND = YES;
				ENABLE_TESTABILITY = YES;
				GCC_C_LANGUAGE_STANDARD = gnu11;
				GCC_DYNAMIC_NO_PIC = NO;
				GCC_NO_COMMON_BLOCKS = YES;
				GCC_OPTIMIZATION_LEVEL = 0;
				GCC_PREPROCESSOR_DEFINITIONS = (
					"DEBUG=1",
					"$(inherited)",
				);
				GCC_WARN_64_TO_32_BIT_CONVERSION = YES;
				GCC_WARN_ABOUT_RETURN_TYPE = YES_ERROR;
				GCC_WARN_UNDECLARED_SELECTOR = YES;
				GCC_WARN_UNINITIALIZED_AUTOS = YES_AGGRESSIVE;
				GCC_WARN_UNUSED_FUNCTION = YES;
				GCC_WARN_UNUSED_VARIABLE = YES;
				IPHONEOS_DEPLOYMENT_TARGET = 12.0;
				MTL_ENABLE_DEBUG_INFO = INCLUDE_SOURCE;
				MTL_FAST_MATH = YES;
				ONLY_ACTIVE_ARCH = YES;
				SDKROOT = iphoneos;
				SWIFT_ACTIVE_COMPILATION_CONDITIONS = DEBUG;
				SWIFT_OPTIMIZATION_LEVEL = "-Onone";
			};
			name = Debug;
		};
		356189FB21E34421001B7CE5 /* Release */ = {
			isa = XCBuildConfiguration;
			buildSettings = {
				ALWAYS_SEARCH_USER_PATHS = NO;
				CLANG_ANALYZER_NONNULL = YES;
				CLANG_ANALYZER_NUMBER_OBJECT_CONVERSION = YES_AGGRESSIVE;
				CLANG_CXX_LANGUAGE_STANDARD = "gnu++14";
				CLANG_CXX_LIBRARY = "libc++";
				CLANG_ENABLE_MODULES = YES;
				CLANG_ENABLE_OBJC_ARC = YES;
				CLANG_ENABLE_OBJC_WEAK = YES;
				CLANG_WARN_BLOCK_CAPTURE_AUTORELEASING = YES;
				CLANG_WARN_BOOL_CONVERSION = YES;
				CLANG_WARN_COMMA = YES;
				CLANG_WARN_CONSTANT_CONVERSION = YES;
				CLANG_WARN_DEPRECATED_OBJC_IMPLEMENTATIONS = YES;
				CLANG_WARN_DIRECT_OBJC_ISA_USAGE = YES_ERROR;
				CLANG_WARN_DOCUMENTATION_COMMENTS = YES;
				CLANG_WARN_EMPTY_BODY = YES;
				CLANG_WARN_ENUM_CONVERSION = YES;
				CLANG_WARN_INFINITE_RECURSION = YES;
				CLANG_WARN_INT_CONVERSION = YES;
				CLANG_WARN_NON_LITERAL_NULL_CONVERSION = YES;
				CLANG_WARN_OBJC_IMPLICIT_RETAIN_SELF = YES;
				CLANG_WARN_OBJC_LITERAL_CONVERSION = YES;
				CLANG_WARN_OBJC_ROOT_CLASS = YES_ERROR;
				CLANG_WARN_RANGE_LOOP_ANALYSIS = YES;
				CLANG_WARN_STRICT_PROTOTYPES = YES;
				CLANG_WARN_SUSPICIOUS_MOVE = YES;
				CLANG_WARN_UNGUARDED_AVAILABILITY = YES_AGGRESSIVE;
				CLANG_WARN_UNREACHABLE_CODE = YES;
				CLANG_WARN__DUPLICATE_METHOD_MATCH = YES;
				CODE_SIGN_IDENTITY = "iPhone Developer";
				COPY_PHASE_STRIP = NO;
				DEBUG_INFORMATION_FORMAT = "dwarf-with-dsym";
				ENABLE_NS_ASSERTIONS = NO;
				ENABLE_STRICT_OBJC_MSGSEND = YES;
				GCC_C_LANGUAGE_STANDARD = gnu11;
				GCC_NO_COMMON_BLOCKS = YES;
				GCC_WARN_64_TO_32_BIT_CONVERSION = YES;
				GCC_WARN_ABOUT_RETURN_TYPE = YES_ERROR;
				GCC_WARN_UNDECLARED_SELECTOR = YES;
				GCC_WARN_UNINITIALIZED_AUTOS = YES_AGGRESSIVE;
				GCC_WARN_UNUSED_FUNCTION = YES;
				GCC_WARN_UNUSED_VARIABLE = YES;
				IPHONEOS_DEPLOYMENT_TARGET = 12.0;
				MTL_ENABLE_DEBUG_INFO = NO;
				MTL_FAST_MATH = YES;
				SDKROOT = iphoneos;
				SWIFT_COMPILATION_MODE = wholemodule;
				SWIFT_OPTIMIZATION_LEVEL = "-O";
				VALIDATE_PRODUCT = YES;
			};
			name = Release;
		};
		356189FD21E34421001B7CE5 /* Debug */ = {
			isa = XCBuildConfiguration;
			baseConfigurationReference = F136AC664D7383A33EE8F25C /* Pods-RoomMate.debug.xcconfig */;
			buildSettings = {
				ASSETCATALOG_COMPILER_APPICON_NAME = AppIcon;
				CODE_SIGN_STYLE = Automatic;
				DEVELOPMENT_TEAM = 3UN98462J8;
				INFOPLIST_FILE = RoomMate/Info.plist;
				LD_RUNPATH_SEARCH_PATHS = (
					"$(inherited)",
					"@executable_path/Frameworks",
				);
				PRODUCT_BUNDLE_IDENTIFIER = com.fried.RoomMate;
				PRODUCT_NAME = "$(TARGET_NAME)";
				SWIFT_VERSION = 4.2;
				TARGETED_DEVICE_FAMILY = "1,2";
			};
			name = Debug;
		};
		356189FE21E34421001B7CE5 /* Release */ = {
			isa = XCBuildConfiguration;
			baseConfigurationReference = 88E3AC6150082FAE7EDB7756 /* Pods-RoomMate.release.xcconfig */;
			buildSettings = {
				ASSETCATALOG_COMPILER_APPICON_NAME = AppIcon;
				CODE_SIGN_STYLE = Automatic;
				DEVELOPMENT_TEAM = 3UN98462J8;
				INFOPLIST_FILE = RoomMate/Info.plist;
				LD_RUNPATH_SEARCH_PATHS = (
					"$(inherited)",
					"@executable_path/Frameworks",
				);
				PRODUCT_BUNDLE_IDENTIFIER = com.fried.RoomMate;
				PRODUCT_NAME = "$(TARGET_NAME)";
				SWIFT_VERSION = 4.2;
				TARGETED_DEVICE_FAMILY = "1,2";
			};
			name = Release;
		};
/* End XCBuildConfiguration section */

/* Begin XCConfigurationList section */
		356189E521E3441F001B7CE5 /* Build configuration list for PBXProject "RoomMate" */ = {
			isa = XCConfigurationList;
			buildConfigurations = (
				356189FA21E34421001B7CE5 /* Debug */,
				356189FB21E34421001B7CE5 /* Release */,
			);
			defaultConfigurationIsVisible = 0;
			defaultConfigurationName = Release;
		};
		356189FC21E34421001B7CE5 /* Build configuration list for PBXNativeTarget "RoomMate" */ = {
			isa = XCConfigurationList;
			buildConfigurations = (
				356189FD21E34421001B7CE5 /* Debug */,
				356189FE21E34421001B7CE5 /* Release */,
			);
			defaultConfigurationIsVisible = 0;
			defaultConfigurationName = Release;
		};
/* End XCConfigurationList section */
	};
	rootObject = 356189E221E3441F001B7CE5 /* Project object */;
}
